
Microsoft Visual Studio Solution File, Format Version 12.00
# Visual Studio Version 17
VisualStudioVersion = 17.2.32616.157
MinimumVisualStudioVersion = 10.0.40219.1
Project("{FAE04EC0-301F-11D3-BF4B-00C04F79EFBC}") = "AsyncCommunication.Publisher.API", "AsyncCommunication.Publisher.API\AsyncCommunication.Publisher.API.csproj", "{276B5B05-4F06-495C-BB58-9D79D462FDF2}"
EndProject
Global
	GlobalSection(SolutionConfigurationPlatforms) = preSolution
		Debug|Any CPU = Debug|Any CPU
		Release|Any CPU = Release|Any CPU
	EndGlobalSection
	GlobalSection(ProjectConfigurationPlatforms) = postSolution
		{276B5B05-4F06-495C-BB58-9D79D462FDF2}.Debug|Any CPU.ActiveCfg = Debug|Any CPU
		{276B5B05-4F06-495C-BB58-9D79D462FDF2}.Debug|Any CPU.Build.0 = Debug|Any CPU
		{276B5B05-4F06-495C-BB58-9D79D462FDF2}.Release|Any CPU.ActiveCfg = Release|Any CPU
		{276B5B05-4F06-495C-BB58-9D79D462FDF2}.Release|Any CPU.Build.0 = Release|Any CPU
	EndGlobalSection
	GlobalSection(SolutionProperties) = preSolution
		HideSolutionNode = FALSE
	EndGlobalSection
	GlobalSection(ExtensibilityGlobals) = postSolution
		SolutionGuid = {46FEA3A3-5599-43DE-B193-BFB1DAF9DC85}
	EndGlobalSection
EndGlobal
